
Microsoft Visual Studio Solution File, Format Version 12.00
# Visual Studio Version 17
VisualStudioVersion = 17.4.33213.308
MinimumVisualStudioVersion = 10.0.40219.1
Project("{FAE04EC0-301F-11D3-BF4B-00C04F79EFBC}") = "Задачи от дяди Димы", "Задачи от дяди Димы.csproj", "{61DC63AE-A95D-4F1A-BF0D-1E8B3D2F25EE}"
EndProject
Global
	GlobalSection(SolutionConfigurationPlatforms) = preSolution
		Debug|Any CPU = Debug|Any CPU
		Release|Any CPU = Release|Any CPU
	EndGlobalSection
	GlobalSection(ProjectConfigurationPlatforms) = postSolution
		{61DC63AE-A95D-4F1A-BF0D-1E8B3D2F25EE}.Debug|Any CPU.ActiveCfg = Debug|Any CPU
		{61DC63AE-A95D-4F1A-BF0D-1E8B3D2F25EE}.Debug|Any CPU.Build.0 = Debug|Any CPU
		{61DC63AE-A95D-4F1A-BF0D-1E8B3D2F25EE}.Release|Any CPU.ActiveCfg = Release|Any CPU
		{61DC63AE-A95D-4F1A-BF0D-1E8B3D2F25EE}.Release|Any CPU.Build.0 = Release|Any CPU
	EndGlobalSection
	GlobalSection(SolutionProperties) = preSolution
		HideSolutionNode = FALSE
	EndGlobalSection
	GlobalSection(ExtensibilityGlobals) = postSolution
		SolutionGuid = {B516E3A8-DE49-45C7-B32F-BF4ADAA1E78E}
	EndGlobalSection
EndGlobal
